
Microsoft Visual Studio Solution File, Format Version 12.00
# Visual Studio 15
VisualStudioVersion = 15.0.27004.2005
MinimumVisualStudioVersion = 10.0.40219.1
Project("{9A19103F-16F7-4668-BE54-9A1E7A4F7556}") = "Azure.IoTHub.Tools.SasTokenGenerator", "Azure.IoTHub.Tools\Azure.IoTHub.Tools.SasTokenGenerator.csproj", "{93C20407-ECF9-4810-A56B-CEAD34DB5035}"
EndProject
Global
	GlobalSection(SolutionConfigurationPlatforms) = preSolution
		Debug|Any CPU = Debug|Any CPU
		Release|Any CPU = Release|Any CPU
	EndGlobalSection
	GlobalSection(ProjectConfigurationPlatforms) = postSolution
		{93C20407-ECF9-4810-A56B-CEAD34DB5035}.Debug|Any CPU.ActiveCfg = Debug|Any CPU
		{93C20407-ECF9-4810-A56B-CEAD34DB5035}.Debug|Any CPU.Build.0 = Debug|Any CPU
		{93C20407-ECF9-4810-A56B-CEAD34DB5035}.Release|Any CPU.ActiveCfg = Release|Any CPU
		{93C20407-ECF9-4810-A56B-CEAD34DB5035}.Release|Any CPU.Build.0 = Release|Any CPU
	EndGlobalSection
	GlobalSection(SolutionProperties) = preSolution
		HideSolutionNode = FALSE
	EndGlobalSection
	GlobalSection(ExtensibilityGlobals) = postSolution
		SolutionGuid = {EDF7C5A3-580F-4D5B-9640-F6A115A0635B}
	EndGlobalSection
EndGlobal
